
Microsoft Visual Studio Solution File, Format Version 12.00
# Visual Studio Version 16
VisualStudioVersion = 16.0.31105.61
MinimumVisualStudioVersion = 10.0.40219.1
Project("{9A19103F-16F7-4668-BE54-9A1E7A4F7556}") = "Business", "Business\Business.csproj", "{73C251D9-14CC-4CD4-AB3C-E23044D7F25F}"
EndProject
Project("{9A19103F-16F7-4668-BE54-9A1E7A4F7556}") = "Core", "Core\Core.csproj", "{98D14536-BB3F-4F62-AAC1-7438D30A85E1}"
EndProject
Project("{9A19103F-16F7-4668-BE54-9A1E7A4F7556}") = "DataAccess", "DataAccess\DataAccess.csproj", "{FE65E854-8C8D-480E-8300-F50331D1642B}"
EndProject
Project("{9A19103F-16F7-4668-BE54-9A1E7A4F7556}") = "Entities", "Entities\Entities.csproj", "{B5E272B5-FADE-4136-8352-CC977C5F0844}"
EndProject
Project("{9A19103F-16F7-4668-BE54-9A1E7A4F7556}") = "SocialAppWebApi", "SocialAppWebApi\SocialAppWebApi.csproj", "{C6874229-5591-4C03-9978-DC940D7D0453}"
EndProject
Project("{9A19103F-16F7-4668-BE54-9A1E7A4F7556}") = "GraphQLWebAPI", "GraphQLWebAPI\GraphQLWebAPI.csproj", "{7C2A27F6-2CE0-4A53-A42A-33809338078A}"
EndProject
Project("{2150E333-8FDC-42A3-9474-1A3956D46DE8}") = "Tests", "Tests", "{6D749CAA-004D-4B58-97C8-7760BA3617C2}"
EndProject
Project("{FAE04EC0-301F-11D3-BF4B-00C04F79EFBC}") = "SocialAppBackend.UnitTests", "Tests\SocialAppBackend.UnitTests\SocialAppBackend.UnitTests.csproj", "{DE442BF2-AA26-40B2-8696-EE0EEB156BCE}"
EndProject
Global
	GlobalSection(SolutionConfigurationPlatforms) = preSolution
		Debug|Any CPU = Debug|Any CPU
		Release|Any CPU = Release|Any CPU
	EndGlobalSection
	GlobalSection(ProjectConfigurationPlatforms) = postSolution
		{73C251D9-14CC-4CD4-AB3C-E23044D7F25F}.Debug|Any CPU.ActiveCfg = Debug|Any CPU
		{73C251D9-14CC-4CD4-AB3C-E23044D7F25F}.Debug|Any CPU.Build.0 = Debug|Any CPU
		{73C251D9-14CC-4CD4-AB3C-E23044D7F25F}.Release|Any CPU.ActiveCfg = Release|Any CPU
		{73C251D9-14CC-4CD4-AB3C-E23044D7F25F}.Release|Any CPU.Build.0 = Release|Any CPU
		{98D14536-BB3F-4F62-AAC1-7438D30A85E1}.Debug|Any CPU.ActiveCfg = Debug|Any CPU
		{98D14536-BB3F-4F62-AAC1-7438D30A85E1}.Debug|Any CPU.Build.0 = Debug|Any CPU
		{98D14536-BB3F-4F62-AAC1-7438D30A85E1}.Release|Any CPU.ActiveCfg = Release|Any CPU
		{98D14536-BB3F-4F62-AAC1-7438D30A85E1}.Release|Any CPU.Build.0 = Release|Any CPU
		{FE65E854-8C8D-480E-8300-F50331D1642B}.Debug|Any CPU.ActiveCfg = Debug|Any CPU
		{FE65E854-8C8D-480E-8300-F50331D1642B}.Debug|Any CPU.Build.0 = Debug|Any CPU
		{FE65E854-8C8D-480E-8300-F50331D1642B}.Release|Any CPU.ActiveCfg = Release|Any CPU
		{FE65E854-8C8D-480E-8300-F50331D1642B}.Release|Any CPU.Build.0 = Release|Any CPU
		{B5E272B5-FADE-4136-8352-CC977C5F0844}.Debug|Any CPU.ActiveCfg = Debug|Any CPU
		{B5E272B5-FADE-4136-8352-CC977C5F0844}.Debug|Any CPU.Build.0 = Debug|Any CPU
		{B5E272B5-FADE-4136-8352-CC977C5F0844}.Release|Any CPU.ActiveCfg = Release|Any CPU
		{B5E272B5-FADE-4136-8352-CC977C5F0844}.Release|Any CPU.Build.0 = Release|Any CPU
		{C6874229-5591-4C03-9978-DC940D7D0453}.Debug|Any CPU.ActiveCfg = Debug|Any CPU
		{C6874229-5591-4C03-9978-DC940D7D0453}.Debug|Any CPU.Build.0 = Debug|Any CPU
		{C6874229-5591-4C03-9978-DC940D7D0453}.Release|Any CPU.ActiveCfg = Release|Any CPU
		{C6874229-5591-4C03-9978-DC940D7D0453}.Release|Any CPU.Build.0 = Release|Any CPU
		{7C2A27F6-2CE0-4A53-A42A-33809338078A}.Debug|Any CPU.ActiveCfg = Debug|Any CPU
		{7C2A27F6-2CE0-4A53-A42A-33809338078A}.Debug|Any CPU.Build.0 = Debug|Any CPU
		{7C2A27F6-2CE0-4A53-A42A-33809338078A}.Release|Any CPU.ActiveCfg = Release|Any CPU
		{7C2A27F6-2CE0-4A53-A42A-33809338078A}.Release|Any CPU.Build.0 = Release|Any CPU
		{DE442BF2-AA26-40B2-8696-EE0EEB156BCE}.Debug|Any CPU.ActiveCfg = Debug|Any CPU
		{DE442BF2-AA26-40B2-8696-EE0EEB156BCE}.Debug|Any CPU.Build.0 = Debug|Any CPU
		{DE442BF2-AA26-40B2-8696-EE0EEB156BCE}.Release|Any CPU.ActiveCfg = Release|Any CPU
		{DE442BF2-AA26-40B2-8696-EE0EEB156BCE}.Release|Any CPU.Build.0 = Release|Any CPU
	EndGlobalSection
	GlobalSection(SolutionProperties) = preSolution
		HideSolutionNode = FALSE
	EndGlobalSection
	GlobalSection(NestedProjects) = preSolution
		{DE442BF2-AA26-40B2-8696-EE0EEB156BCE} = {6D749CAA-004D-4B58-97C8-7760BA3617C2}
	EndGlobalSection
	GlobalSection(ExtensibilityGlobals) = postSolution
		SolutionGuid = {2266011B-5F28-41E4-A6D4-1A54964418A6}
	EndGlobalSection
EndGlobal
